// !$*UTF8*$!
{
	archiveVersion = 1;
	classes = {
	};
	objectVersion = 50;
	objects = {

/* Begin PBXBuildFile section */
		4139134626ED6E2F00CA41EA /* AppDelegate.swift in Sources */ = {isa = PBXBuildFile; fileRef = 4139134526ED6E2F00CA41EA /* AppDelegate.swift */; };
		4139134826ED6E2F00CA41EA /* GameScene.sks in Resources */ = {isa = PBXBuildFile; fileRef = 4139134726ED6E2F00CA41EA /* GameScene.sks */; };
		4139134A26ED6E2F00CA41EA /* Actions.sks in Resources */ = {isa = PBXBuildFile; fileRef = 4139134926ED6E2F00CA41EA /* Actions.sks */; };
		4139134C26ED6E2F00CA41EA /* GameScene.swift in Sources */ = {isa = PBXBuildFile; fileRef = 4139134B26ED6E2F00CA41EA /* GameScene.swift */; };
		4139134E26ED6E2F00CA41EA /* GameViewController.swift in Sources */ = {isa = PBXBuildFile; fileRef = 4139134D26ED6E2F00CA41EA /* GameViewController.swift */; };
		4139135126ED6E2F00CA41EA /* Main.storyboard in Resources */ = {isa = PBXBuildFile; fileRef = 4139134F26ED6E2F00CA41EA /* Main.storyboard */; };
		4139135326ED6E3100CA41EA /* Assets.xcassets in Resources */ = {isa = PBXBuildFile; fileRef = 4139135226ED6E3100CA41EA /* Assets.xcassets */; };
/* End PBXBuildFile section */

/* Begin PBXFileReference section */
		4139134226ED6E2F00CA41EA /* MonsterBash.app */ = {isa = PBXFileReference; explicitFileType = wrapper.application; includeInIndex = 0; path = MonsterBash.app; sourceTree = BUILT_PRODUCTS_DIR; };
		4139134526ED6E2F00CA41EA /* AppDelegate.swift */ = {isa = PBXFileReference; lastKnownFileType = sourcecode.swift; path = AppDelegate.swift; sourceTree = "<group>"; };
		4139134726ED6E2F00CA41EA /* GameScene.sks */ = {isa = PBXFileReference; lastKnownFileType = file.sks; path = GameScene.sks; sourceTree = "<group>"; };
		4139134926ED6E2F00CA41EA /* Actions.sks */ = {isa = PBXFileReference; lastKnownFileType = file.sks; path = Actions.sks; sourceTree = "<group>"; };
		4139134B26ED6E2F00CA41EA /* GameScene.swift */ = {isa = PBXFileReference; lastKnownFileType = sourcecode.swift; path = GameScene.swift; sourceTree = "<group>"; };
		4139134D26ED6E2F00CA41EA /* GameViewController.swift */ = {isa = PBXFileReference; lastKnownFileType = sourcecode.swift; path = GameViewController.swift; sourceTree = "<group>"; };
		4139135026ED6E2F00CA41EA /* Base */ = {isa = PBXFileReference; lastKnownFileType = file.storyboard; name = Base; path = Base.lproj/Main.storyboard; sourceTree = "<group>"; };
		4139135226ED6E3100CA41EA /* Assets.xcassets */ = {isa = PBXFileReference; lastKnownFileType = folder.assetcatalog; path = Assets.xcassets; sourceTree = "<group>"; };
		4139135426ED6E3100CA41EA /* Info.plist */ = {isa = PBXFileReference; lastKnownFileType = text.plist.xml; path = Info.plist; sourceTree = "<group>"; };
/* End PBXFileReference section */

/* Begin PBXFrameworksBuildPhase section */
		4139133F26ED6E2F00CA41EA /* Frameworks */ = {
			isa = PBXFrameworksBuildPhase;
			buildActionMask = 2147483647;
			files = (
			);
			runOnlyForDeploymentPostprocessing = 0;
		};
/* End PBXFrameworksBuildPhase section */

/* Begin PBXGroup section */
		4139133926ED6E2F00CA41EA = {
			isa = PBXGroup;
			children = (
				4139134426ED6E2F00CA41EA /* MonsterBash */,
				4139134326ED6E2F00CA41EA /* Products */,
			);
			sourceTree = "<group>";
		};
		4139134326ED6E2F00CA41EA /* Products */ = {
			isa = PBXGroup;
			children = (
				4139134226ED6E2F00CA41EA /* MonsterBash.app */,
			);
			name = Products;
			sourceTree = "<group>";
		};
		4139134426ED6E2F00CA41EA /* MonsterBash */ = {
			isa = PBXGroup;
			children = (
				4139134526ED6E2F00CA41EA /* AppDelegate.swift */,
				4139134726ED6E2F00CA41EA /* GameScene.sks */,
				4139134926ED6E2F00CA41EA /* Actions.sks */,
				4139134B26ED6E2F00CA41EA /* GameScene.swift */,
				4139134D26ED6E2F00CA41EA /* GameViewController.swift */,
				4139134F26ED6E2F00CA41EA /* Main.storyboard */,
				4139135226ED6E3100CA41EA /* Assets.xcassets */,
				4139135426ED6E3100CA41EA /* Info.plist */,
			);
			path = MonsterBash;
			sourceTree = "<group>";
		};
/* End PBXGroup section */

/* Begin PBXNativeTarget section */
		4139134126ED6E2F00CA41EA /* MonsterBash */ = {
			isa = PBXNativeTarget;
			buildConfigurationList = 4139135726ED6E3100CA41EA /* Build configuration list for PBXNativeTarget "MonsterBash" */;
			buildPhases = (
				4139133E26ED6E2F00CA41EA /* Sources */,
				4139133F26ED6E2F00CA41EA /* Frameworks */,
				4139134026ED6E2F00CA41EA /* Resources */,
			);
			buildRules = (
			);
			dependencies = (
			);
			name = MonsterBash;
			productName = MonsterBash;
			productReference = 4139134226ED6E2F00CA41EA /* MonsterBash.app */;
			productType = "com.apple.product-type.application";
		};
/* End PBXNativeTarget section */

/* Begin PBXProject section */
		4139133A26ED6E2F00CA41EA /* Project object */ = {
			isa = PBXProject;
			attributes = {
				LastSwiftUpdateCheck = 1250;
				LastUpgradeCheck = 1250;
				TargetAttributes = {
					4139134126ED6E2F00CA41EA = {
						CreatedOnToolsVersion = 12.5.1;
					};
				};
			};
			buildConfigurationList = 4139133D26ED6E2F00CA41EA /* Build configuration list for PBXProject "MonsterBash" */;
			compatibilityVersion = "Xcode 9.3";
			developmentRegion = en;
			hasScannedForEncodings = 0;
			knownRegions = (
				en,
				Base,
			);
			mainGroup = 4139133926ED6E2F00CA41EA;
			productRefGroup = 4139134326ED6E2F00CA41EA /* Products */;
			projectDirPath = "";
			projectRoot = "";
			targets = (
				4139134126ED6E2F00CA41EA /* MonsterBash */,
			);
		};
/* End PBXProject section */

/* Begin PBXResourcesBuildPhase section */
		4139134026ED6E2F00CA41EA /* Resources */ = {
			isa = PBXResourcesBuildPhase;
			buildActionMask = 2147483647;
			files = (
				4139135126ED6E2F00CA41EA /* Main.storyboard in Resources */,
				4139134826ED6E2F00CA41EA /* GameScene.sks in Resources */,
				4139135326ED6E3100CA41EA /* Assets.xcassets in Resources */,
				4139134A26ED6E2F00CA41EA /* Actions.sks in Resources */,
			);
			runOnlyForDeploymentPostprocessing = 0;
		};
/* End PBXResourcesBuildPhase section */

/* Begin PBXSourcesBuildPhase section */
		4139133E26ED6E2F00CA41EA /* Sources */ = {
			isa = PBXSourcesBuildPhase;
			buildActionMask = 2147483647;
			files = (
				4139134C26ED6E2F00CA41EA /* GameScene.swift in Sources */,
				4139134E26ED6E2F00CA41EA /* GameViewController.swift in Sources */,
				4139134626ED6E2F00CA41EA /* AppDelegate.swift in Sources */,
			);
			runOnlyForDeploymentPostprocessing = 0;
		};
/* End PBXSourcesBuildPhase section */

/* Begin PBXVariantGroup section */
		4139134F26ED6E2F00CA41EA /* Main.storyboard */ = {
			isa = PBXVariantGroup;
			children = (
				4139135026ED6E2F00CA41EA /* Base */,
			);
			name = Main.storyboard;
			sourceTree = "<group>";
		};
/* End PBXVariantGroup section */

/* Begin XCBuildConfiguration section */
		4139135526ED6E3100CA41EA /* Debug */ = {
			isa = XCBuildConfiguration;
			buildSettings = {
				ALWAYS_SEARCH_USER_PATHS = NO;
				CLANG_ANALYZER_NONNULL = YES;
				CLANG_ANALYZER_NUMBER_OBJECT_CONVERSION = YES_AGGRESSIVE;
				CLANG_CXX_LANGUAGE_STANDARD = "gnu++14";
				CLANG_CXX_LIBRARY = "libc++";
				CLANG_ENABLE_MODULES = YES;
				CLANG_ENABLE_OBJC_ARC = YES;
				CLANG_ENABLE_OBJC_WEAK = YES;
				CLANG_WARN_BLOCK_CAPTURE_AUTORELEASING = YES;
				CLANG_WARN_BOOL_CONVERSION = YES;
				CLANG_WARN_COMMA = YES;
				CLANG_WARN_CONSTANT_CONVERSION = YES;
				CLANG_WARN_DEPRECATED_OBJC_IMPLEMENTATIONS = YES;
				CLANG_WARN_DIRECT_OBJC_ISA_USAGE = YES_ERROR;
				CLANG_WARN_DOCUMENTATION_COMMENTS = YES;
				CLANG_WARN_EMPTY_BODY = YES;
				CLANG_WARN_ENUM_CONVERSION = YES;
				CLANG_WARN_INFINITE_RECURSION = YES;
				CLANG_WARN_INT_CONVERSION = YES;
				CLANG_WARN_NON_LITERAL_NULL_CONVERSION = YES;
				CLANG_WARN_OBJC_IMPLICIT_RETAIN_SELF = YES;
				CLANG_WARN_OBJC_LITERAL_CONVERSION = YES;
				CLANG_WARN_OBJC_ROOT_CLASS = YES_ERROR;
				CLANG_WARN_QUOTED_INCLUDE_IN_FRAMEWORK_HEADER = YES;
				CLANG_WARN_RANGE_LOOP_ANALYSIS = YES;
				CLANG_WARN_STRICT_PROTOTYPES = YES;
				CLANG_WARN_SUSPICIOUS_MOVE = YES;
				CLANG_WARN_UNGUARDED_AVAILABILITY = YES_AGGRESSIVE;
				CLANG_WARN_UNREACHABLE_CODE = YES;
				CLANG_WARN__DUPLICATE_METHOD_MATCH = YES;
				COPY_PHASE_STRIP = NO;
				DEBUG_INFORMATION_FORMAT = dwarf;
				ENABLE_STRICT_OBJC_MSGSEND = YES;
				ENABLE_TESTABILITY = YES;
				GCC_C_LANGUAGE_STANDARD = gnu11;
				GCC_DYNAMIC_NO_PIC = NO;
				GCC_NO_COMMON_BLOCKS = YES;
				GCC_OPTIMIZATION_LEVEL = 0;
				GCC_PREPROCESSOR_DEFINITIONS = (
					"DEBUG=1",
					"$(inherited)",
				);
				GCC_WARN_64_TO_32_BIT_CONVERSION = YES;
				GCC_WARN_ABOUT_RETURN_TYPE = YES_ERROR;
				GCC_WARN_UNDECLARED_SELECTOR = YES;
				GCC_WARN_UNINITIALIZED_AUTOS = YES_AGGRESSIVE;
				GCC_WARN_UNUSED_FUNCTION = YES;
				GCC_WARN_UNUSED_VARIABLE = YES;
				IPHONEOS_DEPLOYMENT_TARGET = 14.5;
				MTL_ENABLE_DEBUG_INFO = INCLUDE_SOURCE;
				MTL_FAST_MATH = YES;
				ONLY_ACTIVE_ARCH = YES;
				SDKROOT = iphoneos;
				SWIFT_ACTIVE_COMPILATION_CONDITIONS = DEBUG;
				SWIFT_OPTIMIZATION_LEVEL = "-Onone";
			};
			name = Debug;
		};
		4139135626ED6E3100CA41EA /* Release */ = {
			isa = XCBuildConfiguration;
			buildSettings = {
				ALWAYS_SEARCH_USER_PATHS = NO;
				CLANG_ANALYZER_NONNULL = YES;
				CLANG_ANALYZER_NUMBER_OBJECT_CONVERSION = YES_AGGRESSIVE;
				CLANG_CXX_LANGUAGE_STANDARD = "gnu++14";
				CLANG_CXX_LIBRARY = "libc++";
				CLANG_ENABLE_MODULES = YES;
				CLANG_ENABLE_OBJC_ARC = YES;
				CLANG_ENABLE_OBJC_WEAK = YES;
				CLANG_WARN_BLOCK_CAPTURE_AUTORELEASING = YES;
				CLANG_WARN_BOOL_CONVERSION = YES;
				CLANG_WARN_COMMA = YES;
				CLANG_WARN_CONSTANT_CONVERSION = YES;
				CLANG_WARN_DEPRECATED_OBJC_IMPLEMENTATIONS = YES;
				CLANG_WARN_DIRECT_OBJC_ISA_USAGE = YES_ERROR;
				CLANG_WARN_DOCUMENTATION_COMMENTS = YES;
				CLANG_WARN_EMPTY_BODY = YES;
				CLANG_WARN_ENUM_CONVERSION = YES;
				CLANG_WARN_INFINITE_RECURSION = YES;
				CLANG_WARN_INT_CONVERSION = YES;
				CLANG_WARN_NON_LITERAL_NULL_CONVERSION = YES;
				CLANG_WARN_OBJC_IMPLICIT_RETAIN_SELF = YES;
				CLANG_WARN_OBJC_LITERAL_CONVERSION = YES;
				CLANG_WARN_OBJC_ROOT_CLASS = YES_ERROR;
				CLANG_WARN_QUOTED_INCLUDE_IN_FRAMEWORK_HEADER = YES;
				CLANG_WARN_RANGE_LOOP_ANALYSIS = YES;
				CLANG_WARN_STRICT_PROTOTYPES = YES;
				CLANG_WARN_SUSPICIOUS_MOVE = YES;
				CLANG_WARN_UNGUARDED_AVAILABILITY = YES_AGGRESSIVE;
				CLANG_WARN_UNREACHABLE_CODE = YES;
				CLANG_WARN__DUPLICATE_METHOD_MATCH = YES;
				COPY_PHASE_STRIP = NO;
				DEBUG_INFORMATION_FORMAT = "dwarf-with-dsym";
				ENABLE_NS_ASSERTIONS = NO;
				ENABLE_STRICT_OBJC_MSGSEND = YES;
				GCC_C_LANGUAGE_STANDARD = gnu11;
				GCC_NO_COMMON_BLOCKS = YES;
				GCC_WARN_64_TO_32_BIT_CONVERSION = YES;
				GCC_WARN_ABOUT_RETURN_TYPE = YES_ERROR;
				GCC_WARN_UNDECLARED_SELECTOR = YES;
				GCC_WARN_UNINITIALIZED_AUTOS = YES_AGGRESSIVE;
				GCC_WARN_UNUSED_FUNCTION = YES;
				GCC_WARN_UNUSED_VARIABLE = YES;
				IPHONEOS_DEPLOYMENT_TARGET = 14.5;
				MTL_ENABLE_DEBUG_INFO = NO;
				MTL_FAST_MATH = YES;
				SDKROOT = iphoneos;
				SWIFT_COMPILATION_MODE = wholemodule;
				SWIFT_OPTIMIZATION_LEVEL = "-O";
				VALIDATE_PRODUCT = YES;
			};
			name = Release;
		};
		4139135826ED6E3100CA41EA /* Debug */ = {
			isa = XCBuildConfiguration;
			buildSettings = {
				ASSETCATALOG_COMPILER_APPICON_NAME = AppIcon;
				ASSETCATALOG_COMPILER_GLOBAL_ACCENT_COLOR_NAME = AccentColor;
				CODE_SIGN_STYLE = Automatic;
				DEVELOPMENT_TEAM = 947MDTH7AR;
				INFOPLIST_FILE = MonsterBash/Info.plist;
				LD_RUNPATH_SEARCH_PATHS = (
					"$(inherited)",
					"@executable_path/Frameworks",
				);
				PRODUCT_BUNDLE_IDENTIFIER = FrankfurtIndustries.MonsterBash;
				PRODUCT_NAME = "$(TARGET_NAME)";
				SWIFT_VERSION = 5.0;
				TARGETED_DEVICE_FAMILY = "1,2";
			};
			name = Debug;
		};
		4139135926ED6E3100CA41EA /* Release */ = {
			isa = XCBuildConfiguration;
			buildSettings = {
				ASSETCATALOG_COMPILER_APPICON_NAME = AppIcon;
				ASSETCATALOG_COMPILER_GLOBAL_ACCENT_COLOR_NAME = AccentColor;
				CODE_SIGN_STYLE = Automatic;
				DEVELOPMENT_TEAM = 947MDTH7AR;
				INFOPLIST_FILE = MonsterBash/Info.plist;
				LD_RUNPATH_SEARCH_PATHS = (
					"$(inherited)",
					"@executable_path/Frameworks",
				);
				PRODUCT_BUNDLE_IDENTIFIER = FrankfurtIndustries.MonsterBash;
				PRODUCT_NAME = "$(TARGET_NAME)";
				SWIFT_VERSION = 5.0;
				TARGETED_DEVICE_FAMILY = "1,2";
			};
			name = Release;
		};
/* End XCBuildConfiguration section */

/* Begin XCConfigurationList section */
		4139133D26ED6E2F00CA41EA /* Build configuration list for PBXProject "MonsterBash" */ = {
			isa = XCConfigurationList;
			buildConfigurations = (
				4139135526ED6E3100CA41EA /* Debug */,
				4139135626ED6E3100CA41EA /* Release */,
			);
			defaultConfigurationIsVisible = 0;
			defaultConfigurationName = Release;
		};
		4139135726ED6E3100CA41EA /* Build configuration list for PBXNativeTarget "MonsterBash" */ = {
			isa = XCConfigurationList;
			buildConfigurations = (
				4139135826ED6E3100CA41EA /* Debug */,
				4139135926ED6E3100CA41EA /* Release */,
			);
			defaultConfigurationIsVisible = 0;
			defaultConfigurationName = Release;
		};
/* End XCConfigurationList section */
	};
	rootObject = 4139133A26ED6E2F00CA41EA /* Project object */;
}
